
Microsoft Visual Studio Solution File, Format Version 12.00
# Visual Studio Version 17
VisualStudioVersion = 17.5.33424.131
MinimumVisualStudioVersion = 10.0.40219.1
Project("{9A19103F-16F7-4668-BE54-9A1E7A4F7556}") = "LoginApp", "LoginApp.csproj", "{4B1CF932-21FB-4BF6-BE5E-98901C1692CD}"
EndProject
Global
	GlobalSection(SolutionConfigurationPlatforms) = preSolution
		Debug|Any CPU = Debug|Any CPU
		Release|Any CPU = Release|Any CPU
	EndGlobalSection
	GlobalSection(ProjectConfigurationPlatforms) = postSolution
		{4B1CF932-21FB-4BF6-BE5E-98901C1692CD}.Debug|Any CPU.ActiveCfg = Debug|Any CPU
		{4B1CF932-21FB-4BF6-BE5E-98901C1692CD}.Debug|Any CPU.Build.0 = Debug|Any CPU
		{4B1CF932-21FB-4BF6-BE5E-98901C1692CD}.Release|Any CPU.ActiveCfg = Release|Any CPU
		{4B1CF932-21FB-4BF6-BE5E-98901C1692CD}.Release|Any CPU.Build.0 = Release|Any CPU
	EndGlobalSection
	GlobalSection(SolutionProperties) = preSolution
		HideSolutionNode = FALSE
	EndGlobalSection
	GlobalSection(ExtensibilityGlobals) = postSolution
		SolutionGuid = {EC4B0857-24EC-4E25-8ECA-774DF5029DBD}
	EndGlobalSection
EndGlobal
